// !$*UTF8*$!
{
	archiveVersion = 1;
	classes = {
	};
	objectVersion = 56;
	objects = {

/* Begin PBXBuildFile section */
		EF4BA3F72AB1A9A6005E7D95 /* F12025_iOSApp.swift in Sources */ = {isa = PBXBuildFile; fileRef = EF4BA3F62AB1A9A6005E7D95 /* F12025_iOSApp.swift */; };
		EF4BA3F92AB1A9A6005E7D95 /* ContentView.swift in Sources */ = {isa = PBXBuildFile; fileRef = EF4BA3F82AB1A9A6005E7D95 /* ContentView.swift */; };
		EF4BA3FB2AB1A9A8005E7D95 /* Assets.xcassets in Resources */ = {isa = PBXBuildFile; fileRef = EF4BA3FA2AB1A9A8005E7D95 /* Assets.xcassets */; };
		EF4BA3FE2AB1A9A8005E7D95 /* Preview Assets.xcassets in Resources */ = {isa = PBXBuildFile; fileRef = EF4BA3FD2AB1A9A8005E7D95 /* Preview Assets.xcassets */; };
		EF4BA40B2AB1AD2B005E7D95 /* Formula1-Bold_web_0.ttf in Resources */ = {isa = PBXBuildFile; fileRef = EF4BA4082AB1AD2B005E7D95 /* Formula1-Bold_web_0.ttf */; };
		EF4BA40C2AB1AD2B005E7D95 /* Formula1-Regular_web_0.ttf in Resources */ = {isa = PBXBuildFile; fileRef = EF4BA4092AB1AD2B005E7D95 /* Formula1-Regular_web_0.ttf */; };
		EF4BA40D2AB1AD2B005E7D95 /* Formula1-Wide_web_0.ttf in Resources */ = {isa = PBXBuildFile; fileRef = EF4BA40A2AB1AD2B005E7D95 /* Formula1-Wide_web_0.ttf */; };
		EF4BA4102AB1B0CB005E7D95 /* Pilote.swift in Sources */ = {isa = PBXBuildFile; fileRef = EF4BA40F2AB1B0CB005E7D95 /* Pilote.swift */; };
		EF4BA4132AB1B0EC005E7D95 /* Ecurie.swift in Sources */ = {isa = PBXBuildFile; fileRef = EF4BA4122AB1B0EC005E7D95 /* Ecurie.swift */; };
		EF4BA4152AB1B0FD005E7D95 /* Pays.swift in Sources */ = {isa = PBXBuildFile; fileRef = EF4BA4142AB1B0FD005E7D95 /* Pays.swift */; };
		EF4BA4172AB1B10F005E7D95 /* Circuit.swift in Sources */ = {isa = PBXBuildFile; fileRef = EF4BA4162AB1B10F005E7D95 /* Circuit.swift */; };
		EFADECEB2AB25C42002D386D /* HomeView.swift in Sources */ = {isa = PBXBuildFile; fileRef = EFADECEA2AB25C42002D386D /* HomeView.swift */; };
		EFADECED2AB25C6B002D386D /* TeamsView.swift in Sources */ = {isa = PBXBuildFile; fileRef = EFADECEC2AB25C6B002D386D /* TeamsView.swift */; };
		EFADECEF2AB25C88002D386D /* StandingsView.swift in Sources */ = {isa = PBXBuildFile; fileRef = EFADECEE2AB25C88002D386D /* StandingsView.swift */; };
		EFADECF12AB25CA7002D386D /* TracksView.swift in Sources */ = {isa = PBXBuildFile; fileRef = EFADECF02AB25CA7002D386D /* TracksView.swift */; };
		EFADECF42AB25D85002D386D /* McLaren-SemiBold.ttf in Resources */ = {isa = PBXBuildFile; fileRef = EFADECF32AB25D85002D386D /* McLaren-SemiBold.ttf */; };
		EFADECF62AB260AA002D386D /* Aston Martin-Regular.ttf in Resources */ = {isa = PBXBuildFile; fileRef = EFADECF52AB260AA002D386D /* Aston Martin-Regular.ttf */; };
		EFADECF82AB26860002D386D /* F1ViewModel.swift in Sources */ = {isa = PBXBuildFile; fileRef = EFADECF72AB26860002D386D /* F1ViewModel.swift */; };
/* End PBXBuildFile section */

/* Begin PBXFileReference section */
		EF4BA3F32AB1A9A6005E7D95 /* F12025-iOS.app */ = {isa = PBXFileReference; explicitFileType = wrapper.application; includeInIndex = 0; path = "F12025-iOS.app"; sourceTree = BUILT_PRODUCTS_DIR; };
		EF4BA3F62AB1A9A6005E7D95 /* F12025_iOSApp.swift */ = {isa = PBXFileReference; lastKnownFileType = sourcecode.swift; path = F12025_iOSApp.swift; sourceTree = "<group>"; };
		EF4BA3F82AB1A9A6005E7D95 /* ContentView.swift */ = {isa = PBXFileReference; lastKnownFileType = sourcecode.swift; path = ContentView.swift; sourceTree = "<group>"; };
		EF4BA3FA2AB1A9A8005E7D95 /* Assets.xcassets */ = {isa = PBXFileReference; lastKnownFileType = folder.assetcatalog; path = Assets.xcassets; sourceTree = "<group>"; };
		EF4BA3FD2AB1A9A8005E7D95 /* Preview Assets.xcassets */ = {isa = PBXFileReference; lastKnownFileType = folder.assetcatalog; path = "Preview Assets.xcassets"; sourceTree = "<group>"; };
		EF4BA4082AB1AD2B005E7D95 /* Formula1-Bold_web_0.ttf */ = {isa = PBXFileReference; lastKnownFileType = file; path = "Formula1-Bold_web_0.ttf"; sourceTree = "<group>"; };
		EF4BA4092AB1AD2B005E7D95 /* Formula1-Regular_web_0.ttf */ = {isa = PBXFileReference; lastKnownFileType = file; path = "Formula1-Regular_web_0.ttf"; sourceTree = "<group>"; };
		EF4BA40A2AB1AD2B005E7D95 /* Formula1-Wide_web_0.ttf */ = {isa = PBXFileReference; lastKnownFileType = file; path = "Formula1-Wide_web_0.ttf"; sourceTree = "<group>"; };
		EF4BA40E2AB1AD44005E7D95 /* Info.plist */ = {isa = PBXFileReference; lastKnownFileType = text.plist; path = Info.plist; sourceTree = "<group>"; };
		EF4BA40F2AB1B0CB005E7D95 /* Pilote.swift */ = {isa = PBXFileReference; lastKnownFileType = sourcecode.swift; path = Pilote.swift; sourceTree = "<group>"; };
		EF4BA4122AB1B0EC005E7D95 /* Ecurie.swift */ = {isa = PBXFileReference; lastKnownFileType = sourcecode.swift; path = Ecurie.swift; sourceTree = "<group>"; };
		EF4BA4142AB1B0FD005E7D95 /* Pays.swift */ = {isa = PBXFileReference; lastKnownFileType = sourcecode.swift; path = Pays.swift; sourceTree = "<group>"; };
		EF4BA4162AB1B10F005E7D95 /* Circuit.swift */ = {isa = PBXFileReference; lastKnownFileType = sourcecode.swift; path = Circuit.swift; sourceTree = "<group>"; };
		EFADECEA2AB25C42002D386D /* HomeView.swift */ = {isa = PBXFileReference; lastKnownFileType = sourcecode.swift; path = HomeView.swift; sourceTree = "<group>"; };
		EFADECEC2AB25C6B002D386D /* TeamsView.swift */ = {isa = PBXFileReference; lastKnownFileType = sourcecode.swift; path = TeamsView.swift; sourceTree = "<group>"; };
		EFADECEE2AB25C88002D386D /* StandingsView.swift */ = {isa = PBXFileReference; lastKnownFileType = sourcecode.swift; path = StandingsView.swift; sourceTree = "<group>"; };
		EFADECF02AB25CA7002D386D /* TracksView.swift */ = {isa = PBXFileReference; lastKnownFileType = sourcecode.swift; path = TracksView.swift; sourceTree = "<group>"; };
		EFADECF32AB25D85002D386D /* McLaren-SemiBold.ttf */ = {isa = PBXFileReference; lastKnownFileType = file; path = "McLaren-SemiBold.ttf"; sourceTree = "<group>"; };
		EFADECF52AB260AA002D386D /* Aston Martin-Regular.ttf */ = {isa = PBXFileReference; lastKnownFileType = file; path = "Aston Martin-Regular.ttf"; sourceTree = "<group>"; };
		EFADECF72AB26860002D386D /* F1ViewModel.swift */ = {isa = PBXFileReference; lastKnownFileType = sourcecode.swift; path = F1ViewModel.swift; sourceTree = "<group>"; };
/* End PBXFileReference section */

/* Begin PBXFrameworksBuildPhase section */
		EF4BA3F02AB1A9A6005E7D95 /* Frameworks */ = {
			isa = PBXFrameworksBuildPhase;
			buildActionMask = 2147483647;
			files = (
			);
			runOnlyForDeploymentPostprocessing = 0;
		};
/* End PBXFrameworksBuildPhase section */

/* Begin PBXGroup section */
		EF4BA3EA2AB1A9A6005E7D95 = {
			isa = PBXGroup;
			children = (
				EF4BA3F52AB1A9A6005E7D95 /* F12025-iOS */,
				EF4BA3F42AB1A9A6005E7D95 /* Products */,
			);
			sourceTree = "<group>";
		};
		EF4BA3F42AB1A9A6005E7D95 /* Products */ = {
			isa = PBXGroup;
			children = (
				EF4BA3F32AB1A9A6005E7D95 /* F12025-iOS.app */,
			);
			name = Products;
			sourceTree = "<group>";
		};
		EF4BA3F52AB1A9A6005E7D95 /* F12025-iOS */ = {
			isa = PBXGroup;
			children = (
				EF4BA40E2AB1AD44005E7D95 /* Info.plist */,
				EF4BA4042AB1ACD4005E7D95 /* Font */,
				EF4BA4072AB1ACFD005E7D95 /* Model */,
				EF4BA4062AB1ACF3005E7D95 /* ViewModel */,
				EF4BA4052AB1ACE2005E7D95 /* View */,
				EF4BA3F62AB1A9A6005E7D95 /* F12025_iOSApp.swift */,
				EF4BA3FA2AB1A9A8005E7D95 /* Assets.xcassets */,
				EF4BA3FC2AB1A9A8005E7D95 /* Preview Content */,
			);
			path = "F12025-iOS";
			sourceTree = "<group>";
		};
		EF4BA3FC2AB1A9A8005E7D95 /* Preview Content */ = {
			isa = PBXGroup;
			children = (
				EF4BA3FD2AB1A9A8005E7D95 /* Preview Assets.xcassets */,
			);
			path = "Preview Content";
			sourceTree = "<group>";
		};
		EF4BA4042AB1ACD4005E7D95 /* Font */ = {
			isa = PBXGroup;
			children = (
				EFADECF22AB25CBD002D386D /* Numbers */,
				EF4BA4082AB1AD2B005E7D95 /* Formula1-Bold_web_0.ttf */,
				EF4BA4092AB1AD2B005E7D95 /* Formula1-Regular_web_0.ttf */,
				EF4BA40A2AB1AD2B005E7D95 /* Formula1-Wide_web_0.ttf */,
			);
			path = Font;
			sourceTree = "<group>";
		};
		EF4BA4052AB1ACE2005E7D95 /* View */ = {
			isa = PBXGroup;
			children = (
				EF4BA3F82AB1A9A6005E7D95 /* ContentView.swift */,
				EFADECEA2AB25C42002D386D /* HomeView.swift */,
				EFADECEC2AB25C6B002D386D /* TeamsView.swift */,
				EFADECEE2AB25C88002D386D /* StandingsView.swift */,
				EFADECF02AB25CA7002D386D /* TracksView.swift */,
			);
			path = View;
			sourceTree = "<group>";
		};
		EF4BA4062AB1ACF3005E7D95 /* ViewModel */ = {
			isa = PBXGroup;
			children = (
				EFADECF72AB26860002D386D /* F1ViewModel.swift */,
			);
			path = ViewModel;
			sourceTree = "<group>";
		};
		EF4BA4072AB1ACFD005E7D95 /* Model */ = {
			isa = PBXGroup;
			children = (
				EF4BA40F2AB1B0CB005E7D95 /* Pilote.swift */,
				EF4BA4122AB1B0EC005E7D95 /* Ecurie.swift */,
				EF4BA4142AB1B0FD005E7D95 /* Pays.swift */,
				EF4BA4162AB1B10F005E7D95 /* Circuit.swift */,
			);
			path = Model;
			sourceTree = "<group>";
		};
		EFADECF22AB25CBD002D386D /* Numbers */ = {
			isa = PBXGroup;
			children = (
				EFADECF52AB260AA002D386D /* Aston Martin-Regular.ttf */,
				EFADECF32AB25D85002D386D /* McLaren-SemiBold.ttf */,
			);
			path = Numbers;
			sourceTree = "<group>";
		};
/* End PBXGroup section */

/* Begin PBXNativeTarget section */
		EF4BA3F22AB1A9A6005E7D95 /* F12025-iOS */ = {
			isa = PBXNativeTarget;
			buildConfigurationList = EF4BA4012AB1A9A8005E7D95 /* Build configuration list for PBXNativeTarget "F12025-iOS" */;
			buildPhases = (
				EF4BA3EF2AB1A9A6005E7D95 /* Sources */,
				EF4BA3F02AB1A9A6005E7D95 /* Frameworks */,
				EF4BA3F12AB1A9A6005E7D95 /* Resources */,
			);
			buildRules = (
			);
			dependencies = (
			);
			name = "F12025-iOS";
			productName = "F12025-iOS";
			productReference = EF4BA3F32AB1A9A6005E7D95 /* F12025-iOS.app */;
			productType = "com.apple.product-type.application";
		};
/* End PBXNativeTarget section */

/* Begin PBXProject section */
		EF4BA3EB2AB1A9A6005E7D95 /* Project object */ = {
			isa = PBXProject;
			attributes = {
				BuildIndependentTargetsInParallel = 1;
				LastSwiftUpdateCheck = 1430;
				LastUpgradeCheck = 1430;
				TargetAttributes = {
					EF4BA3F22AB1A9A6005E7D95 = {
						CreatedOnToolsVersion = 14.3.1;
					};
				};
			};
			buildConfigurationList = EF4BA3EE2AB1A9A6005E7D95 /* Build configuration list for PBXProject "F12025-iOS" */;
			compatibilityVersion = "Xcode 14.0";
			developmentRegion = en;
			hasScannedForEncodings = 0;
			knownRegions = (
				en,
				Base,
			);
			mainGroup = EF4BA3EA2AB1A9A6005E7D95;
			productRefGroup = EF4BA3F42AB1A9A6005E7D95 /* Products */;
			projectDirPath = "";
			projectRoot = "";
			targets = (
				EF4BA3F22AB1A9A6005E7D95 /* F12025-iOS */,
			);
		};
/* End PBXProject section */

/* Begin PBXResourcesBuildPhase section */
		EF4BA3F12AB1A9A6005E7D95 /* Resources */ = {
			isa = PBXResourcesBuildPhase;
			buildActionMask = 2147483647;
			files = (
				EF4BA40C2AB1AD2B005E7D95 /* Formula1-Regular_web_0.ttf in Resources */,
				EF4BA40B2AB1AD2B005E7D95 /* Formula1-Bold_web_0.ttf in Resources */,
				EFADECF42AB25D85002D386D /* McLaren-SemiBold.ttf in Resources */,
				EFADECF62AB260AA002D386D /* Aston Martin-Regular.ttf in Resources */,
				EF4BA40D2AB1AD2B005E7D95 /* Formula1-Wide_web_0.ttf in Resources */,
				EF4BA3FE2AB1A9A8005E7D95 /* Preview Assets.xcassets in Resources */,
				EF4BA3FB2AB1A9A8005E7D95 /* Assets.xcassets in Resources */,
			);
			runOnlyForDeploymentPostprocessing = 0;
		};
/* End PBXResourcesBuildPhase section */

/* Begin PBXSourcesBuildPhase section */
		EF4BA3EF2AB1A9A6005E7D95 /* Sources */ = {
			isa = PBXSourcesBuildPhase;
			buildActionMask = 2147483647;
			files = (
				EF4BA4132AB1B0EC005E7D95 /* Ecurie.swift in Sources */,
				EFADECEB2AB25C42002D386D /* HomeView.swift in Sources */,
				EF4BA3F92AB1A9A6005E7D95 /* ContentView.swift in Sources */,
				EF4BA4102AB1B0CB005E7D95 /* Pilote.swift in Sources */,
				EF4BA4172AB1B10F005E7D95 /* Circuit.swift in Sources */,
				EFADECF82AB26860002D386D /* F1ViewModel.swift in Sources */,
				EFADECEF2AB25C88002D386D /* StandingsView.swift in Sources */,
				EFADECF12AB25CA7002D386D /* TracksView.swift in Sources */,
				EF4BA4152AB1B0FD005E7D95 /* Pays.swift in Sources */,
				EF4BA3F72AB1A9A6005E7D95 /* F12025_iOSApp.swift in Sources */,
				EFADECED2AB25C6B002D386D /* TeamsView.swift in Sources */,
			);
			runOnlyForDeploymentPostprocessing = 0;
		};
/* End PBXSourcesBuildPhase section */

/* Begin XCBuildConfiguration section */
		EF4BA3FF2AB1A9A8005E7D95 /* Debug */ = {
			isa = XCBuildConfiguration;
			buildSettings = {
				ALWAYS_SEARCH_USER_PATHS = NO;
				CLANG_ANALYZER_NONNULL = YES;
				CLANG_ANALYZER_NUMBER_OBJECT_CONVERSION = YES_AGGRESSIVE;
				CLANG_CXX_LANGUAGE_STANDARD = "gnu++20";
				CLANG_ENABLE_MODULES = YES;
				CLANG_ENABLE_OBJC_ARC = YES;
				CLANG_ENABLE_OBJC_WEAK = YES;
				CLANG_WARN_BLOCK_CAPTURE_AUTORELEASING = YES;
				CLANG_WARN_BOOL_CONVERSION = YES;
				CLANG_WARN_COMMA = YES;
				CLANG_WARN_CONSTANT_CONVERSION = YES;
				CLANG_WARN_DEPRECATED_OBJC_IMPLEMENTATIONS = YES;
				CLANG_WARN_DIRECT_OBJC_ISA_USAGE = YES_ERROR;
				CLANG_WARN_DOCUMENTATION_COMMENTS = YES;
				CLANG_WARN_EMPTY_BODY = YES;
				CLANG_WARN_ENUM_CONVERSION = YES;
				CLANG_WARN_INFINITE_RECURSION = YES;
				CLANG_WARN_INT_CONVERSION = YES;
				CLANG_WARN_NON_LITERAL_NULL_CONVERSION = YES;
				CLANG_WARN_OBJC_IMPLICIT_RETAIN_SELF = YES;
				CLANG_WARN_OBJC_LITERAL_CONVERSION = YES;
				CLANG_WARN_OBJC_ROOT_CLASS = YES_ERROR;
				CLANG_WARN_QUOTED_INCLUDE_IN_FRAMEWORK_HEADER = YES;
				CLANG_WARN_RANGE_LOOP_ANALYSIS = YES;
				CLANG_WARN_STRICT_PROTOTYPES = YES;
				CLANG_WARN_SUSPICIOUS_MOVE = YES;
				CLANG_WARN_UNGUARDED_AVAILABILITY = YES_AGGRESSIVE;
				CLANG_WARN_UNREACHABLE_CODE = YES;
				CLANG_WARN__DUPLICATE_METHOD_MATCH = YES;
				COPY_PHASE_STRIP = NO;
				DEBUG_INFORMATION_FORMAT = dwarf;
				ENABLE_STRICT_OBJC_MSGSEND = YES;
				ENABLE_TESTABILITY = YES;
				GCC_C_LANGUAGE_STANDARD = gnu11;
				GCC_DYNAMIC_NO_PIC = NO;
				GCC_NO_COMMON_BLOCKS = YES;
				GCC_OPTIMIZATION_LEVEL = 0;
				GCC_PREPROCESSOR_DEFINITIONS = (
					"DEBUG=1",
					"$(inherited)",
				);
				GCC_WARN_64_TO_32_BIT_CONVERSION = YES;
				GCC_WARN_ABOUT_RETURN_TYPE = YES_ERROR;
				GCC_WARN_UNDECLARED_SELECTOR = YES;
				GCC_WARN_UNINITIALIZED_AUTOS = YES_AGGRESSIVE;
				GCC_WARN_UNUSED_FUNCTION = YES;
				GCC_WARN_UNUSED_VARIABLE = YES;
				IPHONEOS_DEPLOYMENT_TARGET = 16.4;
				MTL_ENABLE_DEBUG_INFO = INCLUDE_SOURCE;
				MTL_FAST_MATH = YES;
				ONLY_ACTIVE_ARCH = YES;
				SDKROOT = iphoneos;
				SWIFT_ACTIVE_COMPILATION_CONDITIONS = DEBUG;
				SWIFT_OPTIMIZATION_LEVEL = "-Onone";
			};
			name = Debug;
		};
		EF4BA4002AB1A9A8005E7D95 /* Release */ = {
			isa = XCBuildConfiguration;
			buildSettings = {
				ALWAYS_SEARCH_USER_PATHS = NO;
				CLANG_ANALYZER_NONNULL = YES;
				CLANG_ANALYZER_NUMBER_OBJECT_CONVERSION = YES_AGGRESSIVE;
				CLANG_CXX_LANGUAGE_STANDARD = "gnu++20";
				CLANG_ENABLE_MODULES = YES;
				CLANG_ENABLE_OBJC_ARC = YES;
				CLANG_ENABLE_OBJC_WEAK = YES;
				CLANG_WARN_BLOCK_CAPTURE_AUTORELEASING = YES;
				CLANG_WARN_BOOL_CONVERSION = YES;
				CLANG_WARN_COMMA = YES;
				CLANG_WARN_CONSTANT_CONVERSION = YES;
				CLANG_WARN_DEPRECATED_OBJC_IMPLEMENTATIONS = YES;
				CLANG_WARN_DIRECT_OBJC_ISA_USAGE = YES_ERROR;
				CLANG_WARN_DOCUMENTATION_COMMENTS = YES;
				CLANG_WARN_EMPTY_BODY = YES;
				CLANG_WARN_ENUM_CONVERSION = YES;
				CLANG_WARN_INFINITE_RECURSION = YES;
				CLANG_WARN_INT_CONVERSION = YES;
				CLANG_WARN_NON_LITERAL_NULL_CONVERSION = YES;
				CLANG_WARN_OBJC_IMPLICIT_RETAIN_SELF = YES;
				CLANG_WARN_OBJC_LITERAL_CONVERSION = YES;
				CLANG_WARN_OBJC_ROOT_CLASS = YES_ERROR;
				CLANG_WARN_QUOTED_INCLUDE_IN_FRAMEWORK_HEADER = YES;
				CLANG_WARN_RANGE_LOOP_ANALYSIS = YES;
				CLANG_WARN_STRICT_PROTOTYPES = YES;
				CLANG_WARN_SUSPICIOUS_MOVE = YES;
				CLANG_WARN_UNGUARDED_AVAILABILITY = YES_AGGRESSIVE;
				CLANG_WARN_UNREACHABLE_CODE = YES;
				CLANG_WARN__DUPLICATE_METHOD_MATCH = YES;
				COPY_PHASE_STRIP = NO;
				DEBUG_INFORMATION_FORMAT = "dwarf-with-dsym";
				ENABLE_NS_ASSERTIONS = NO;
				ENABLE_STRICT_OBJC_MSGSEND = YES;
				GCC_C_LANGUAGE_STANDARD = gnu11;
				GCC_NO_COMMON_BLOCKS = YES;
				GCC_WARN_64_TO_32_BIT_CONVERSION = YES;
				GCC_WARN_ABOUT_RETURN_TYPE = YES_ERROR;
				GCC_WARN_UNDECLARED_SELECTOR = YES;
				GCC_WARN_UNINITIALIZED_AUTOS = YES_AGGRESSIVE;
				GCC_WARN_UNUSED_FUNCTION = YES;
				GCC_WARN_UNUSED_VARIABLE = YES;
				IPHONEOS_DEPLOYMENT_TARGET = 16.4;
				MTL_ENABLE_DEBUG_INFO = NO;
				MTL_FAST_MATH = YES;
				SDKROOT = iphoneos;
				SWIFT_COMPILATION_MODE = wholemodule;
				SWIFT_OPTIMIZATION_LEVEL = "-O";
				VALIDATE_PRODUCT = YES;
			};
			name = Release;
		};
		EF4BA4022AB1A9A8005E7D95 /* Debug */ = {
			isa = XCBuildConfiguration;
			buildSettings = {
				ASSETCATALOG_COMPILER_APPICON_NAME = AppIcon;
				ASSETCATALOG_COMPILER_GLOBAL_ACCENT_COLOR_NAME = AccentColor;
				CODE_SIGN_STYLE = Automatic;
				CURRENT_PROJECT_VERSION = 1;
				DEVELOPMENT_ASSET_PATHS = "\"F12025-iOS/Preview Content\"";
				ENABLE_PREVIEWS = YES;
				GENERATE_INFOPLIST_FILE = YES;
				INFOPLIST_FILE = "F12025-iOS/Info.plist";
				INFOPLIST_KEY_UIApplicationSceneManifest_Generation = YES;
				INFOPLIST_KEY_UIApplicationSupportsIndirectInputEvents = YES;
				INFOPLIST_KEY_UILaunchScreen_Generation = YES;
				INFOPLIST_KEY_UISupportedInterfaceOrientations_iPad = "UIInterfaceOrientationPortrait UIInterfaceOrientationPortraitUpsideDown UIInterfaceOrientationLandscapeLeft UIInterfaceOrientationLandscapeRight";
				INFOPLIST_KEY_UISupportedInterfaceOrientations_iPhone = "UIInterfaceOrientationPortrait UIInterfaceOrientationLandscapeLeft UIInterfaceOrientationLandscapeRight";
				LD_RUNPATH_SEARCH_PATHS = (
					"$(inherited)",
					"@executable_path/Frameworks",
				);
				MARKETING_VERSION = 1.0;
				PRODUCT_BUNDLE_IDENTIFIER = "FD.F12025-iOS";
				PRODUCT_NAME = "$(TARGET_NAME)";
				SWIFT_EMIT_LOC_STRINGS = YES;
				SWIFT_VERSION = 5.0;
				TARGETED_DEVICE_FAMILY = "1,2";
			};
			name = Debug;
		};
		EF4BA4032AB1A9A8005E7D95 /* Release */ = {
			isa = XCBuildConfiguration;
			buildSettings = {
				ASSETCATALOG_COMPILER_APPICON_NAME = AppIcon;
				ASSETCATALOG_COMPILER_GLOBAL_ACCENT_COLOR_NAME = AccentColor;
				CODE_SIGN_STYLE = Automatic;
				CURRENT_PROJECT_VERSION = 1;
				DEVELOPMENT_ASSET_PATHS = "\"F12025-iOS/Preview Content\"";
				ENABLE_PREVIEWS = YES;
				GENERATE_INFOPLIST_FILE = YES;
				INFOPLIST_FILE = "F12025-iOS/Info.plist";
				INFOPLIST_KEY_UIApplicationSceneManifest_Generation = YES;
				INFOPLIST_KEY_UIApplicationSupportsIndirectInputEvents = YES;
				INFOPLIST_KEY_UILaunchScreen_Generation = YES;
				INFOPLIST_KEY_UISupportedInterfaceOrientations_iPad = "UIInterfaceOrientationPortrait UIInterfaceOrientationPortraitUpsideDown UIInterfaceOrientationLandscapeLeft UIInterfaceOrientationLandscapeRight";
				INFOPLIST_KEY_UISupportedInterfaceOrientations_iPhone = "UIInterfaceOrientationPortrait UIInterfaceOrientationLandscapeLeft UIInterfaceOrientationLandscapeRight";
				LD_RUNPATH_SEARCH_PATHS = (
					"$(inherited)",
					"@executable_path/Frameworks",
				);
				MARKETING_VERSION = 1.0;
				PRODUCT_BUNDLE_IDENTIFIER = "FD.F12025-iOS";
				PRODUCT_NAME = "$(TARGET_NAME)";
				SWIFT_EMIT_LOC_STRINGS = YES;
				SWIFT_VERSION = 5.0;
				TARGETED_DEVICE_FAMILY = "1,2";
			};
			name = Release;
		};
/* End XCBuildConfiguration section */

/* Begin XCConfigurationList section */
		EF4BA3EE2AB1A9A6005E7D95 /* Build configuration list for PBXProject "F12025-iOS" */ = {
			isa = XCConfigurationList;
			buildConfigurations = (
				EF4BA3FF2AB1A9A8005E7D95 /* Debug */,
				EF4BA4002AB1A9A8005E7D95 /* Release */,
			);
			defaultConfigurationIsVisible = 0;
			defaultConfigurationName = Release;
		};
		EF4BA4012AB1A9A8005E7D95 /* Build configuration list for PBXNativeTarget "F12025-iOS" */ = {
			isa = XCConfigurationList;
			buildConfigurations = (
				EF4BA4022AB1A9A8005E7D95 /* Debug */,
				EF4BA4032AB1A9A8005E7D95 /* Release */,
			);
			defaultConfigurationIsVisible = 0;
			defaultConfigurationName = Release;
		};
/* End XCConfigurationList section */
	};
	rootObject = EF4BA3EB2AB1A9A6005E7D95 /* Project object */;
}
