// !$*UTF8*$!
{
	archiveVersion = 1;
	classes = {
	};
	objectVersion = 56;
	objects = {

/* Begin PBXBuildFile section */
		EF0DBFAC2AB8ABB800D65013 /* VictoriesPilotView.swift in Sources */ = {isa = PBXBuildFile; fileRef = EF0DBFAB2AB8ABB800D65013 /* VictoriesPilotView.swift */; };
		EF0DBFB12AB8C10200D65013 /* PilotSprintStandingView.swift in Sources */ = {isa = PBXBuildFile; fileRef = EF0DBFB02AB8C10200D65013 /* PilotSprintStandingView.swift */; };
		EF0DBFB32AB8C11400D65013 /* TeamSprintStandingView.swift in Sources */ = {isa = PBXBuildFile; fileRef = EF0DBFB22AB8C11400D65013 /* TeamSprintStandingView.swift */; };
		EF13EC772AB2FAA400AD05A3 /* FlagView.swift in Sources */ = {isa = PBXBuildFile; fileRef = EF13EC762AB2FAA400AD05A3 /* FlagView.swift */; };
		EF13EC792AB300D500AD05A3 /* GPView.swift in Sources */ = {isa = PBXBuildFile; fileRef = EF13EC782AB300D500AD05A3 /* GPView.swift */; };
		EF13EC7B2AB300F200AD05A3 /* ItemsView.swift in Sources */ = {isa = PBXBuildFile; fileRef = EF13EC7A2AB300F200AD05A3 /* ItemsView.swift */; };
		EF13EC7D2AB3209F00AD05A3 /* TeamView.swift in Sources */ = {isa = PBXBuildFile; fileRef = EF13EC7C2AB3209F00AD05A3 /* TeamView.swift */; };
		EF13ECBA2AB34F2600AD05A3 /* AllGPView.swift in Sources */ = {isa = PBXBuildFile; fileRef = EF13ECB92AB34F2600AD05A3 /* AllGPView.swift */; };
		EF13ECBD2AB3572900AD05A3 /* PilotView.swift in Sources */ = {isa = PBXBuildFile; fileRef = EF13ECBC2AB3572900AD05A3 /* PilotView.swift */; };
		EF183A6C2AB4BB3000D5FCCD /* Alpine - Bold.ttf in Resources */ = {isa = PBXBuildFile; fileRef = EF183A6B2AB4BB3000D5FCCD /* Alpine - Bold.ttf */; };
		EF2EEFFB2AD3EBD900C60EBA /* Monoplace.swift in Sources */ = {isa = PBXBuildFile; fileRef = EF2EEFFA2AD3EBD900C60EBA /* Monoplace.swift */; };
		EF390D782AC7299000ACA70E /* SiteWeb.swift in Sources */ = {isa = PBXBuildFile; fileRef = EF390D772AC7299000ACA70E /* SiteWeb.swift */; };
		EF390D7C2AC7326200ACA70E /* TextConcatURLView.swift in Sources */ = {isa = PBXBuildFile; fileRef = EF390D7B2AC7326200ACA70E /* TextConcatURLView.swift */; };
		EF3AB24E2AB5DDE800BDDA9A /* Résultat.swift in Sources */ = {isa = PBXBuildFile; fileRef = EF3AB24D2AB5DDE800BDDA9A /* Résultat.swift */; };
		EF3E780E2AB48FF300C5C186 /* Ferrari-Outline.ttf in Resources */ = {isa = PBXBuildFile; fileRef = EF3E780C2AB48FF300C5C186 /* Ferrari-Outline.ttf */; };
		EF4BA3F72AB1A9A6005E7D95 /* F12025_iOSApp.swift in Sources */ = {isa = PBXBuildFile; fileRef = EF4BA3F62AB1A9A6005E7D95 /* F12025_iOSApp.swift */; };
		EF4BA3F92AB1A9A6005E7D95 /* ContentView.swift in Sources */ = {isa = PBXBuildFile; fileRef = EF4BA3F82AB1A9A6005E7D95 /* ContentView.swift */; };
		EF4BA3FB2AB1A9A8005E7D95 /* Assets.xcassets in Resources */ = {isa = PBXBuildFile; fileRef = EF4BA3FA2AB1A9A8005E7D95 /* Assets.xcassets */; };
		EF4BA3FE2AB1A9A8005E7D95 /* Preview Assets.xcassets in Resources */ = {isa = PBXBuildFile; fileRef = EF4BA3FD2AB1A9A8005E7D95 /* Preview Assets.xcassets */; };
		EF4BA40B2AB1AD2B005E7D95 /* Formula1-Bold_web_0.ttf in Resources */ = {isa = PBXBuildFile; fileRef = EF4BA4082AB1AD2B005E7D95 /* Formula1-Bold_web_0.ttf */; };
		EF4BA40C2AB1AD2B005E7D95 /* Formula1-Regular_web_0.ttf in Resources */ = {isa = PBXBuildFile; fileRef = EF4BA4092AB1AD2B005E7D95 /* Formula1-Regular_web_0.ttf */; };
		EF4BA40D2AB1AD2B005E7D95 /* Formula1-Wide_web_0.ttf in Resources */ = {isa = PBXBuildFile; fileRef = EF4BA40A2AB1AD2B005E7D95 /* Formula1-Wide_web_0.ttf */; };
		EF4BA4102AB1B0CB005E7D95 /* Pilote.swift in Sources */ = {isa = PBXBuildFile; fileRef = EF4BA40F2AB1B0CB005E7D95 /* Pilote.swift */; };
		EF4BA4132AB1B0EC005E7D95 /* Ecurie.swift in Sources */ = {isa = PBXBuildFile; fileRef = EF4BA4122AB1B0EC005E7D95 /* Ecurie.swift */; };
		EF4BA4152AB1B0FD005E7D95 /* Pays.swift in Sources */ = {isa = PBXBuildFile; fileRef = EF4BA4142AB1B0FD005E7D95 /* Pays.swift */; };
		EF4BA4172AB1B10F005E7D95 /* Circuit.swift in Sources */ = {isa = PBXBuildFile; fileRef = EF4BA4162AB1B10F005E7D95 /* Circuit.swift */; };
		EF5E316B2ACAEB670087B0BB /* GoogleSignIn in Frameworks */ = {isa = PBXBuildFile; productRef = EF5E316A2ACAEB670087B0BB /* GoogleSignIn */; };
		EF5E316D2ACAEB670087B0BB /* GoogleSignInSwift in Frameworks */ = {isa = PBXBuildFile; productRef = EF5E316C2ACAEB670087B0BB /* GoogleSignInSwift */; };
		EF5E316F2ACAED080087B0BB /* client_1089236979568-foagg0lmm8o3iin2hcf37cq779keeb8f.apps.googleusercontent.com.plist in Resources */ = {isa = PBXBuildFile; fileRef = EF5E316E2ACAED080087B0BB /* client_1089236979568-foagg0lmm8o3iin2hcf37cq779keeb8f.apps.googleusercontent.com.plist */; };
		EF5E31712ACAF0720087B0BB /* UserAuthViewModel.swift in Sources */ = {isa = PBXBuildFile; fileRef = EF5E31702ACAF0720087B0BB /* UserAuthViewModel.swift */; };
		EF5E31732ACAF1E80087B0BB /* LogInView.swift in Sources */ = {isa = PBXBuildFile; fileRef = EF5E31722ACAF1E80087B0BB /* LogInView.swift */; };
		EF6102C82ACAB9BA004DCD90 /* Extensions.swift in Sources */ = {isa = PBXBuildFile; fileRef = EF6102C72ACAB9BA004DCD90 /* Extensions.swift */; };
		EFAC8B042AC2C3F900FAA26E /* MenuView.swift in Sources */ = {isa = PBXBuildFile; fileRef = EFAC8B032AC2C3F900FAA26E /* MenuView.swift */; };
		EFADECEB2AB25C42002D386D /* HomeView.swift in Sources */ = {isa = PBXBuildFile; fileRef = EFADECEA2AB25C42002D386D /* HomeView.swift */; };
		EFADECED2AB25C6B002D386D /* AllTeamsView.swift in Sources */ = {isa = PBXBuildFile; fileRef = EFADECEC2AB25C6B002D386D /* AllTeamsView.swift */; };
		EFADECEF2AB25C88002D386D /* StandingsView.swift in Sources */ = {isa = PBXBuildFile; fileRef = EFADECEE2AB25C88002D386D /* StandingsView.swift */; };
		EFADECF42AB25D85002D386D /* McLaren-SemiBold.ttf in Resources */ = {isa = PBXBuildFile; fileRef = EFADECF32AB25D85002D386D /* McLaren-SemiBold.ttf */; };
		EFADECF62AB260AA002D386D /* Aston Martin-Regular.ttf in Resources */ = {isa = PBXBuildFile; fileRef = EFADECF52AB260AA002D386D /* Aston Martin-Regular.ttf */; };
		EFADECF82AB26860002D386D /* F1ViewModel.swift in Sources */ = {isa = PBXBuildFile; fileRef = EFADECF72AB26860002D386D /* F1ViewModel.swift */; };
		EFAEE4372AC34423000BDC00 /* GraphCltPilotView.swift in Sources */ = {isa = PBXBuildFile; fileRef = EFAEE4362AC34423000BDC00 /* GraphCltPilotView.swift */; };
		EFC378582AB5A5A4009C983E /* PilotsStandingsView.swift in Sources */ = {isa = PBXBuildFile; fileRef = EFC378572AB5A5A4009C983E /* PilotsStandingsView.swift */; };
		EFC3785A2AB5A5BA009C983E /* TeamsStandingsView.swift in Sources */ = {isa = PBXBuildFile; fileRef = EFC378592AB5A5BA009C983E /* TeamsStandingsView.swift */; };
		EFD61F7A2AC6F6DD0011EBC0 /* AllPartenairesView.swift in Sources */ = {isa = PBXBuildFile; fileRef = EFD61F792AC6F6DD0011EBC0 /* AllPartenairesView.swift */; };
		EFDB177D2ACAA454003722A3 /* F1_RSView.swift in Sources */ = {isa = PBXBuildFile; fileRef = EFDB177C2ACAA454003722A3 /* F1_RSView.swift */; };
		EFDBD26A2AB448A20085E237 /* Haas-superitalic.ttf in Resources */ = {isa = PBXBuildFile; fileRef = EFDBD2672AB448A20085E237 /* Haas-superitalic.ttf */; };
		EFDBD26B2AB448A20085E237 /* Mercedes-Bold.ttf in Resources */ = {isa = PBXBuildFile; fileRef = EFDBD2682AB448A20085E237 /* Mercedes-Bold.ttf */; };
		EFDBD26C2AB448A20085E237 /* Williams-Hollow.ttf in Resources */ = {isa = PBXBuildFile; fileRef = EFDBD2692AB448A20085E237 /* Williams-Hollow.ttf */; };
		EFDBD26E2AB44AF20085E237 /* HugoBoss-Regular.ttf in Resources */ = {isa = PBXBuildFile; fileRef = EFDBD26D2AB44AF20085E237 /* HugoBoss-Regular.ttf */; };
		EFDBD2702AB4641B0085E237 /* RedBull-Black.ttf in Resources */ = {isa = PBXBuildFile; fileRef = EFDBD26F2AB4641B0085E237 /* RedBull-Black.ttf */; };
		EFDBD2722AB465E40085E237 /* Audi-BoldItalic.ttf in Resources */ = {isa = PBXBuildFile; fileRef = EFDBD2712AB465E40085E237 /* Audi-BoldItalic.ttf */; };
		EFDCF28E2AC1847800D3C209 /* GrandPrix.swift in Sources */ = {isa = PBXBuildFile; fileRef = EFDCF28D2AC1847800D3C209 /* GrandPrix.swift */; };
		EFDCF2902AC1852300D3C209 /* NumberRiderView.swift in Sources */ = {isa = PBXBuildFile; fileRef = EFDCF28F2AC1852300D3C209 /* NumberRiderView.swift */; };
		EFDCF2932AC18A4500D3C209 /* Localizable.strings in Resources */ = {isa = PBXBuildFile; fileRef = EFDCF2952AC18A4500D3C209 /* Localizable.strings */; };
		EFDCF2982AC18E2900D3C209 /* LanguageViewModel.swift in Sources */ = {isa = PBXBuildFile; fileRef = EFDCF2972AC18E2900D3C209 /* LanguageViewModel.swift */; };
		EFE4FDA52AB9B38000EBC43F /* CaractCircuitView.swift in Sources */ = {isa = PBXBuildFile; fileRef = EFE4FDA42AB9B38000EBC43F /* CaractCircuitView.swift */; };
		EFEE64842AB84DB200291C54 /* Classements.swift in Sources */ = {isa = PBXBuildFile; fileRef = EFEE64832AB84DB200291C54 /* Classements.swift */; };
		EFF76C342AC46B8900FAD9B0 /* Partenaire.swift in Sources */ = {isa = PBXBuildFile; fileRef = EFF76C332AC46B8900FAD9B0 /* Partenaire.swift */; };
		EFF76C372AC4708300FAD9B0 /* PartenaireView.swift in Sources */ = {isa = PBXBuildFile; fileRef = EFF76C362AC4708300FAD9B0 /* PartenaireView.swift */; };
/* End PBXBuildFile section */

/* Begin PBXFileReference section */
		EF0DBFAB2AB8ABB800D65013 /* VictoriesPilotView.swift */ = {isa = PBXFileReference; lastKnownFileType = sourcecode.swift; path = VictoriesPilotView.swift; sourceTree = "<group>"; };
		EF0DBFB02AB8C10200D65013 /* PilotSprintStandingView.swift */ = {isa = PBXFileReference; lastKnownFileType = sourcecode.swift; path = PilotSprintStandingView.swift; sourceTree = "<group>"; };
		EF0DBFB22AB8C11400D65013 /* TeamSprintStandingView.swift */ = {isa = PBXFileReference; lastKnownFileType = sourcecode.swift; path = TeamSprintStandingView.swift; sourceTree = "<group>"; };
		EF13EC762AB2FAA400AD05A3 /* FlagView.swift */ = {isa = PBXFileReference; lastKnownFileType = sourcecode.swift; path = FlagView.swift; sourceTree = "<group>"; };
		EF13EC782AB300D500AD05A3 /* GPView.swift */ = {isa = PBXFileReference; lastKnownFileType = sourcecode.swift; path = GPView.swift; sourceTree = "<group>"; };
		EF13EC7A2AB300F200AD05A3 /* ItemsView.swift */ = {isa = PBXFileReference; lastKnownFileType = sourcecode.swift; path = ItemsView.swift; sourceTree = "<group>"; };
		EF13EC7C2AB3209F00AD05A3 /* TeamView.swift */ = {isa = PBXFileReference; lastKnownFileType = sourcecode.swift; path = TeamView.swift; sourceTree = "<group>"; };
		EF13ECB92AB34F2600AD05A3 /* AllGPView.swift */ = {isa = PBXFileReference; lastKnownFileType = sourcecode.swift; path = AllGPView.swift; sourceTree = "<group>"; };
		EF13ECBC2AB3572900AD05A3 /* PilotView.swift */ = {isa = PBXFileReference; lastKnownFileType = sourcecode.swift; path = PilotView.swift; sourceTree = "<group>"; };
		EF183A6B2AB4BB3000D5FCCD /* Alpine - Bold.ttf */ = {isa = PBXFileReference; lastKnownFileType = file; path = "Alpine - Bold.ttf"; sourceTree = "<group>"; };
		EF2EEFFA2AD3EBD900C60EBA /* Monoplace.swift */ = {isa = PBXFileReference; lastKnownFileType = sourcecode.swift; path = Monoplace.swift; sourceTree = "<group>"; };
		EF390D772AC7299000ACA70E /* SiteWeb.swift */ = {isa = PBXFileReference; lastKnownFileType = sourcecode.swift; path = SiteWeb.swift; sourceTree = "<group>"; };
		EF390D7B2AC7326200ACA70E /* TextConcatURLView.swift */ = {isa = PBXFileReference; lastKnownFileType = sourcecode.swift; path = TextConcatURLView.swift; sourceTree = "<group>"; };
		EF3AB24D2AB5DDE800BDDA9A /* Résultat.swift */ = {isa = PBXFileReference; lastKnownFileType = sourcecode.swift; path = "Résultat.swift"; sourceTree = "<group>"; };
		EF3E780C2AB48FF300C5C186 /* Ferrari-Outline.ttf */ = {isa = PBXFileReference; lastKnownFileType = file; path = "Ferrari-Outline.ttf"; sourceTree = "<group>"; };
		EF4BA3F32AB1A9A6005E7D95 /* F1 2025.app */ = {isa = PBXFileReference; explicitFileType = wrapper.application; includeInIndex = 0; path = "F1 2025.app"; sourceTree = BUILT_PRODUCTS_DIR; };
		EF4BA3F62AB1A9A6005E7D95 /* F12025_iOSApp.swift */ = {isa = PBXFileReference; lastKnownFileType = sourcecode.swift; path = F12025_iOSApp.swift; sourceTree = "<group>"; };
		EF4BA3F82AB1A9A6005E7D95 /* ContentView.swift */ = {isa = PBXFileReference; lastKnownFileType = sourcecode.swift; path = ContentView.swift; sourceTree = "<group>"; };
		EF4BA3FA2AB1A9A8005E7D95 /* Assets.xcassets */ = {isa = PBXFileReference; lastKnownFileType = folder.assetcatalog; path = Assets.xcassets; sourceTree = "<group>"; };
		EF4BA3FD2AB1A9A8005E7D95 /* Preview Assets.xcassets */ = {isa = PBXFileReference; lastKnownFileType = folder.assetcatalog; path = "Preview Assets.xcassets"; sourceTree = "<group>"; };
		EF4BA4082AB1AD2B005E7D95 /* Formula1-Bold_web_0.ttf */ = {isa = PBXFileReference; lastKnownFileType = file; path = "Formula1-Bold_web_0.ttf"; sourceTree = "<group>"; };
		EF4BA4092AB1AD2B005E7D95 /* Formula1-Regular_web_0.ttf */ = {isa = PBXFileReference; lastKnownFileType = file; path = "Formula1-Regular_web_0.ttf"; sourceTree = "<group>"; };
		EF4BA40A2AB1AD2B005E7D95 /* Formula1-Wide_web_0.ttf */ = {isa = PBXFileReference; lastKnownFileType = file; path = "Formula1-Wide_web_0.ttf"; sourceTree = "<group>"; };
		EF4BA40E2AB1AD44005E7D95 /* Info.plist */ = {isa = PBXFileReference; lastKnownFileType = text.plist; path = Info.plist; sourceTree = "<group>"; };
		EF4BA40F2AB1B0CB005E7D95 /* Pilote.swift */ = {isa = PBXFileReference; lastKnownFileType = sourcecode.swift; path = Pilote.swift; sourceTree = "<group>"; };
		EF4BA4122AB1B0EC005E7D95 /* Ecurie.swift */ = {isa = PBXFileReference; lastKnownFileType = sourcecode.swift; path = Ecurie.swift; sourceTree = "<group>"; };
		EF4BA4142AB1B0FD005E7D95 /* Pays.swift */ = {isa = PBXFileReference; lastKnownFileType = sourcecode.swift; path = Pays.swift; sourceTree = "<group>"; };
		EF4BA4162AB1B10F005E7D95 /* Circuit.swift */ = {isa = PBXFileReference; lastKnownFileType = sourcecode.swift; path = Circuit.swift; sourceTree = "<group>"; };
		EF5E316E2ACAED080087B0BB /* client_1089236979568-foagg0lmm8o3iin2hcf37cq779keeb8f.apps.googleusercontent.com.plist */ = {isa = PBXFileReference; fileEncoding = 4; lastKnownFileType = text.plist.xml; path = "client_1089236979568-foagg0lmm8o3iin2hcf37cq779keeb8f.apps.googleusercontent.com.plist"; sourceTree = "<group>"; };
		EF5E31702ACAF0720087B0BB /* UserAuthViewModel.swift */ = {isa = PBXFileReference; lastKnownFileType = sourcecode.swift; path = UserAuthViewModel.swift; sourceTree = "<group>"; };
		EF5E31722ACAF1E80087B0BB /* LogInView.swift */ = {isa = PBXFileReference; lastKnownFileType = sourcecode.swift; path = LogInView.swift; sourceTree = "<group>"; };
		EF6102C72ACAB9BA004DCD90 /* Extensions.swift */ = {isa = PBXFileReference; lastKnownFileType = sourcecode.swift; path = Extensions.swift; sourceTree = "<group>"; };
		EFAC8B032AC2C3F900FAA26E /* MenuView.swift */ = {isa = PBXFileReference; lastKnownFileType = sourcecode.swift; path = MenuView.swift; sourceTree = "<group>"; };
		EFADECEA2AB25C42002D386D /* HomeView.swift */ = {isa = PBXFileReference; lastKnownFileType = sourcecode.swift; path = HomeView.swift; sourceTree = "<group>"; };
		EFADECEC2AB25C6B002D386D /* AllTeamsView.swift */ = {isa = PBXFileReference; lastKnownFileType = sourcecode.swift; path = AllTeamsView.swift; sourceTree = "<group>"; };
		EFADECEE2AB25C88002D386D /* StandingsView.swift */ = {isa = PBXFileReference; lastKnownFileType = sourcecode.swift; path = StandingsView.swift; sourceTree = "<group>"; };
		EFADECF32AB25D85002D386D /* McLaren-SemiBold.ttf */ = {isa = PBXFileReference; lastKnownFileType = file; path = "McLaren-SemiBold.ttf"; sourceTree = "<group>"; };
		EFADECF52AB260AA002D386D /* Aston Martin-Regular.ttf */ = {isa = PBXFileReference; lastKnownFileType = file; path = "Aston Martin-Regular.ttf"; sourceTree = "<group>"; };
		EFADECF72AB26860002D386D /* F1ViewModel.swift */ = {isa = PBXFileReference; lastKnownFileType = sourcecode.swift; path = F1ViewModel.swift; sourceTree = "<group>"; };
		EFAEE4362AC34423000BDC00 /* GraphCltPilotView.swift */ = {isa = PBXFileReference; lastKnownFileType = sourcecode.swift; path = GraphCltPilotView.swift; sourceTree = "<group>"; };
		EFC378572AB5A5A4009C983E /* PilotsStandingsView.swift */ = {isa = PBXFileReference; lastKnownFileType = sourcecode.swift; path = PilotsStandingsView.swift; sourceTree = "<group>"; };
		EFC378592AB5A5BA009C983E /* TeamsStandingsView.swift */ = {isa = PBXFileReference; lastKnownFileType = sourcecode.swift; path = TeamsStandingsView.swift; sourceTree = "<group>"; };
		EFD61F792AC6F6DD0011EBC0 /* AllPartenairesView.swift */ = {isa = PBXFileReference; lastKnownFileType = sourcecode.swift; path = AllPartenairesView.swift; sourceTree = "<group>"; };
		EFDB177C2ACAA454003722A3 /* F1_RSView.swift */ = {isa = PBXFileReference; lastKnownFileType = sourcecode.swift; path = F1_RSView.swift; sourceTree = "<group>"; };
		EFDBD2672AB448A20085E237 /* Haas-superitalic.ttf */ = {isa = PBXFileReference; lastKnownFileType = file; path = "Haas-superitalic.ttf"; sourceTree = "<group>"; };
		EFDBD2682AB448A20085E237 /* Mercedes-Bold.ttf */ = {isa = PBXFileReference; lastKnownFileType = file; path = "Mercedes-Bold.ttf"; sourceTree = "<group>"; };
		EFDBD2692AB448A20085E237 /* Williams-Hollow.ttf */ = {isa = PBXFileReference; lastKnownFileType = file; path = "Williams-Hollow.ttf"; sourceTree = "<group>"; };
		EFDBD26D2AB44AF20085E237 /* HugoBoss-Regular.ttf */ = {isa = PBXFileReference; lastKnownFileType = file; path = "HugoBoss-Regular.ttf"; sourceTree = "<group>"; };
		EFDBD26F2AB4641B0085E237 /* RedBull-Black.ttf */ = {isa = PBXFileReference; lastKnownFileType = file; path = "RedBull-Black.ttf"; sourceTree = "<group>"; };
		EFDBD2712AB465E40085E237 /* Audi-BoldItalic.ttf */ = {isa = PBXFileReference; lastKnownFileType = file; path = "Audi-BoldItalic.ttf"; sourceTree = "<group>"; };
		EFDCF28D2AC1847800D3C209 /* GrandPrix.swift */ = {isa = PBXFileReference; lastKnownFileType = sourcecode.swift; path = GrandPrix.swift; sourceTree = "<group>"; };
		EFDCF28F2AC1852300D3C209 /* NumberRiderView.swift */ = {isa = PBXFileReference; lastKnownFileType = sourcecode.swift; path = NumberRiderView.swift; sourceTree = "<group>"; };
		EFDCF2942AC18A4500D3C209 /* en */ = {isa = PBXFileReference; lastKnownFileType = text.plist.strings; name = en; path = en.lproj/Localizable.strings; sourceTree = "<group>"; };
		EFDCF2962AC18A8B00D3C209 /* fr */ = {isa = PBXFileReference; lastKnownFileType = text.plist.strings; name = fr; path = fr.lproj/Localizable.strings; sourceTree = "<group>"; };
		EFDCF2972AC18E2900D3C209 /* LanguageViewModel.swift */ = {isa = PBXFileReference; lastKnownFileType = sourcecode.swift; path = LanguageViewModel.swift; sourceTree = "<group>"; };
		EFE4FDA42AB9B38000EBC43F /* CaractCircuitView.swift */ = {isa = PBXFileReference; lastKnownFileType = sourcecode.swift; path = CaractCircuitView.swift; sourceTree = "<group>"; };
		EFEE64832AB84DB200291C54 /* Classements.swift */ = {isa = PBXFileReference; lastKnownFileType = sourcecode.swift; path = Classements.swift; sourceTree = "<group>"; };
		EFF76C332AC46B8900FAD9B0 /* Partenaire.swift */ = {isa = PBXFileReference; lastKnownFileType = sourcecode.swift; path = Partenaire.swift; sourceTree = "<group>"; };
		EFF76C362AC4708300FAD9B0 /* PartenaireView.swift */ = {isa = PBXFileReference; lastKnownFileType = sourcecode.swift; path = PartenaireView.swift; sourceTree = "<group>"; };
/* End PBXFileReference section */

/* Begin PBXFrameworksBuildPhase section */
		EF4BA3F02AB1A9A6005E7D95 /* Frameworks */ = {
			isa = PBXFrameworksBuildPhase;
			buildActionMask = 2147483647;
			files = (
				EF5E316B2ACAEB670087B0BB /* GoogleSignIn in Frameworks */,
				EF5E316D2ACAEB670087B0BB /* GoogleSignInSwift in Frameworks */,
			);
			runOnlyForDeploymentPostprocessing = 0;
		};
/* End PBXFrameworksBuildPhase section */

/* Begin PBXGroup section */
		EF13EC7E2AB322FA00AD05A3 /* Grand Prix */ = {
			isa = PBXGroup;
			children = (
				EFE4FDA42AB9B38000EBC43F /* CaractCircuitView.swift */,
				EF13EC782AB300D500AD05A3 /* GPView.swift */,
				EF13ECB92AB34F2600AD05A3 /* AllGPView.swift */,
			);
			path = "Grand Prix";
			sourceTree = "<group>";
		};
		EF13EC7F2AB3230200AD05A3 /* Écuries */ = {
			isa = PBXGroup;
			children = (
				EFADECEC2AB25C6B002D386D /* AllTeamsView.swift */,
				EF13EC7C2AB3209F00AD05A3 /* TeamView.swift */,
			);
			path = "Écuries";
			sourceTree = "<group>";
		};
		EF13EC802AB3230D00AD05A3 /* Classement */ = {
			isa = PBXGroup;
			children = (
				EFADECEE2AB25C88002D386D /* StandingsView.swift */,
				EFC378572AB5A5A4009C983E /* PilotsStandingsView.swift */,
				EFC378592AB5A5BA009C983E /* TeamsStandingsView.swift */,
				EF0DBFB02AB8C10200D65013 /* PilotSprintStandingView.swift */,
				EF0DBFB22AB8C11400D65013 /* TeamSprintStandingView.swift */,
			);
			path = Classement;
			sourceTree = "<group>";
		};
		EF13ECBB2AB3571600AD05A3 /* Pilotes */ = {
			isa = PBXGroup;
			children = (
				EF0DBFAB2AB8ABB800D65013 /* VictoriesPilotView.swift */,
				EF13ECBC2AB3572900AD05A3 /* PilotView.swift */,
				EFDCF28F2AC1852300D3C209 /* NumberRiderView.swift */,
				EFAEE4362AC34423000BDC00 /* GraphCltPilotView.swift */,
			);
			path = Pilotes;
			sourceTree = "<group>";
		};
		EF4BA3EA2AB1A9A6005E7D95 = {
			isa = PBXGroup;
			children = (
				EF4BA3F52AB1A9A6005E7D95 /* F12025-iOS */,
				EF4BA3F42AB1A9A6005E7D95 /* Products */,
				EF5E31692ACAEB670087B0BB /* Frameworks */,
			);
			sourceTree = "<group>";
		};
		EF4BA3F42AB1A9A6005E7D95 /* Products */ = {
			isa = PBXGroup;
			children = (
				EF4BA3F32AB1A9A6005E7D95 /* F1 2025.app */,
			);
			name = Products;
			sourceTree = "<group>";
		};
		EF4BA3F52AB1A9A6005E7D95 /* F12025-iOS */ = {
			isa = PBXGroup;
			children = (
				EF5E316E2ACAED080087B0BB /* client_1089236979568-foagg0lmm8o3iin2hcf37cq779keeb8f.apps.googleusercontent.com.plist */,
				EF4BA40E2AB1AD44005E7D95 /* Info.plist */,
				EF4BA4042AB1ACD4005E7D95 /* Font */,
				EF4BA4072AB1ACFD005E7D95 /* Model */,
				EF4BA4062AB1ACF3005E7D95 /* ViewModel */,
				EF4BA4052AB1ACE2005E7D95 /* View */,
				EF4BA3F62AB1A9A6005E7D95 /* F12025_iOSApp.swift */,
				EF6102C72ACAB9BA004DCD90 /* Extensions.swift */,
				EF4BA3FA2AB1A9A8005E7D95 /* Assets.xcassets */,
				EF4BA3FC2AB1A9A8005E7D95 /* Preview Content */,
				EFDCF2952AC18A4500D3C209 /* Localizable.strings */,
			);
			path = "F12025-iOS";
			sourceTree = "<group>";
		};
		EF4BA3FC2AB1A9A8005E7D95 /* Preview Content */ = {
			isa = PBXGroup;
			children = (
				EF4BA3FD2AB1A9A8005E7D95 /* Preview Assets.xcassets */,
			);
			path = "Preview Content";
			sourceTree = "<group>";
		};
		EF4BA4042AB1ACD4005E7D95 /* Font */ = {
			isa = PBXGroup;
			children = (
				EFADECF22AB25CBD002D386D /* Numbers */,
				EF4BA4082AB1AD2B005E7D95 /* Formula1-Bold_web_0.ttf */,
				EF4BA4092AB1AD2B005E7D95 /* Formula1-Regular_web_0.ttf */,
				EF4BA40A2AB1AD2B005E7D95 /* Formula1-Wide_web_0.ttf */,
			);
			path = Font;
			sourceTree = "<group>";
		};
		EF4BA4052AB1ACE2005E7D95 /* View */ = {
			isa = PBXGroup;
			children = (
				EFDB177B2ACAA421003722A3 /* Réseaux sociaux */,
				EFF76C352AC4705600FAD9B0 /* Partenaires */,
				EF13EC7A2AB300F200AD05A3 /* ItemsView.swift */,
				EFAC8B032AC2C3F900FAA26E /* MenuView.swift */,
				EF4BA3F82AB1A9A6005E7D95 /* ContentView.swift */,
				EFADECEA2AB25C42002D386D /* HomeView.swift */,
				EF13EC762AB2FAA400AD05A3 /* FlagView.swift */,
				EF13ECBB2AB3571600AD05A3 /* Pilotes */,
				EF13EC802AB3230D00AD05A3 /* Classement */,
				EF13EC7F2AB3230200AD05A3 /* Écuries */,
				EF13EC7E2AB322FA00AD05A3 /* Grand Prix */,
				EF390D7B2AC7326200ACA70E /* TextConcatURLView.swift */,
				EF5E31722ACAF1E80087B0BB /* LogInView.swift */,
			);
			path = View;
			sourceTree = "<group>";
		};
		EF4BA4062AB1ACF3005E7D95 /* ViewModel */ = {
			isa = PBXGroup;
			children = (
				EFADECF72AB26860002D386D /* F1ViewModel.swift */,
				EFDCF2972AC18E2900D3C209 /* LanguageViewModel.swift */,
				EF5E31702ACAF0720087B0BB /* UserAuthViewModel.swift */,
			);
			path = ViewModel;
			sourceTree = "<group>";
		};
		EF4BA4072AB1ACFD005E7D95 /* Model */ = {
			isa = PBXGroup;
			children = (
				EF4BA40F2AB1B0CB005E7D95 /* Pilote.swift */,
				EF4BA4122AB1B0EC005E7D95 /* Ecurie.swift */,
				EF4BA4142AB1B0FD005E7D95 /* Pays.swift */,
				EF4BA4162AB1B10F005E7D95 /* Circuit.swift */,
				EF3AB24D2AB5DDE800BDDA9A /* Résultat.swift */,
				EFEE64832AB84DB200291C54 /* Classements.swift */,
				EFDCF28D2AC1847800D3C209 /* GrandPrix.swift */,
				EFF76C332AC46B8900FAD9B0 /* Partenaire.swift */,
				EF390D772AC7299000ACA70E /* SiteWeb.swift */,
				EF2EEFFA2AD3EBD900C60EBA /* Monoplace.swift */,
			);
			path = Model;
			sourceTree = "<group>";
		};
		EF5E31692ACAEB670087B0BB /* Frameworks */ = {
			isa = PBXGroup;
			children = (
			);
			name = Frameworks;
			sourceTree = "<group>";
		};
		EFADECF22AB25CBD002D386D /* Numbers */ = {
			isa = PBXGroup;
			children = (
				EF183A6B2AB4BB3000D5FCCD /* Alpine - Bold.ttf */,
				EF3E780C2AB48FF300C5C186 /* Ferrari-Outline.ttf */,
				EFDBD2712AB465E40085E237 /* Audi-BoldItalic.ttf */,
				EFDBD26F2AB4641B0085E237 /* RedBull-Black.ttf */,
				EFDBD26D2AB44AF20085E237 /* HugoBoss-Regular.ttf */,
				EFDBD2672AB448A20085E237 /* Haas-superitalic.ttf */,
				EFDBD2682AB448A20085E237 /* Mercedes-Bold.ttf */,
				EFDBD2692AB448A20085E237 /* Williams-Hollow.ttf */,
				EFADECF52AB260AA002D386D /* Aston Martin-Regular.ttf */,
				EFADECF32AB25D85002D386D /* McLaren-SemiBold.ttf */,
			);
			path = Numbers;
			sourceTree = "<group>";
		};
		EFDB177B2ACAA421003722A3 /* Réseaux sociaux */ = {
			isa = PBXGroup;
			children = (
				EFDB177C2ACAA454003722A3 /* F1_RSView.swift */,
			);
			name = "Réseaux sociaux";
			path = "Réseaux sociaux";
			sourceTree = "<group>";
		};
		EFF76C352AC4705600FAD9B0 /* Partenaires */ = {
			isa = PBXGroup;
			children = (
				EFF76C362AC4708300FAD9B0 /* PartenaireView.swift */,
				EFD61F792AC6F6DD0011EBC0 /* AllPartenairesView.swift */,
			);
			path = Partenaires;
			sourceTree = "<group>";
		};
/* End PBXGroup section */

/* Begin PBXNativeTarget section */
		EF4BA3F22AB1A9A6005E7D95 /* F1 2025 */ = {
			isa = PBXNativeTarget;
			buildConfigurationList = EF4BA4012AB1A9A8005E7D95 /* Build configuration list for PBXNativeTarget "F1 2025" */;
			buildPhases = (
				EF4BA3EF2AB1A9A6005E7D95 /* Sources */,
				EF4BA3F02AB1A9A6005E7D95 /* Frameworks */,
				EF4BA3F12AB1A9A6005E7D95 /* Resources */,
			);
			buildRules = (
			);
			dependencies = (
			);
			name = "F1 2025";
			packageProductDependencies = (
				EF5E316A2ACAEB670087B0BB /* GoogleSignIn */,
				EF5E316C2ACAEB670087B0BB /* GoogleSignInSwift */,
			);
			productName = "F12025-iOS";
			productReference = EF4BA3F32AB1A9A6005E7D95 /* F1 2025.app */;
			productType = "com.apple.product-type.application";
		};
/* End PBXNativeTarget section */

/* Begin PBXProject section */
		EF4BA3EB2AB1A9A6005E7D95 /* Project object */ = {
			isa = PBXProject;
			attributes = {
				BuildIndependentTargetsInParallel = 1;
				LastSwiftUpdateCheck = 1430;
				LastUpgradeCheck = 1430;
				TargetAttributes = {
					EF4BA3F22AB1A9A6005E7D95 = {
						CreatedOnToolsVersion = 14.3.1;
					};
				};
			};
			buildConfigurationList = EF4BA3EE2AB1A9A6005E7D95 /* Build configuration list for PBXProject "F12025-iOS" */;
			compatibilityVersion = "Xcode 14.0";
			developmentRegion = fr;
			hasScannedForEncodings = 0;
			knownRegions = (
				en,
				Base,
				fr,
			);
			mainGroup = EF4BA3EA2AB1A9A6005E7D95;
			packageReferences = (
				EF183A6D2AB4C08C00D5FCCD /* XCRemoteSwiftPackageReference "Localize-Swift" */,
				EFDB177A2ACA9AC4003722A3 /* XCRemoteSwiftPackageReference "GoogleSignIn-iOS" */,
			);
			productRefGroup = EF4BA3F42AB1A9A6005E7D95 /* Products */;
			projectDirPath = "";
			projectRoot = "";
			targets = (
				EF4BA3F22AB1A9A6005E7D95 /* F1 2025 */,
			);
		};
/* End PBXProject section */

/* Begin PBXResourcesBuildPhase section */
		EF4BA3F12AB1A9A6005E7D95 /* Resources */ = {
			isa = PBXResourcesBuildPhase;
			buildActionMask = 2147483647;
			files = (
				EF5E316F2ACAED080087B0BB /* client_1089236979568-foagg0lmm8o3iin2hcf37cq779keeb8f.apps.googleusercontent.com.plist in Resources */,
				EF4BA40C2AB1AD2B005E7D95 /* Formula1-Regular_web_0.ttf in Resources */,
				EF4BA40B2AB1AD2B005E7D95 /* Formula1-Bold_web_0.ttf in Resources */,
				EFDBD2722AB465E40085E237 /* Audi-BoldItalic.ttf in Resources */,
				EF3E780E2AB48FF300C5C186 /* Ferrari-Outline.ttf in Resources */,
				EFADECF42AB25D85002D386D /* McLaren-SemiBold.ttf in Resources */,
				EFDBD26B2AB448A20085E237 /* Mercedes-Bold.ttf in Resources */,
				EFADECF62AB260AA002D386D /* Aston Martin-Regular.ttf in Resources */,
				EFDBD2702AB4641B0085E237 /* RedBull-Black.ttf in Resources */,
				EF4BA40D2AB1AD2B005E7D95 /* Formula1-Wide_web_0.ttf in Resources */,
				EF183A6C2AB4BB3000D5FCCD /* Alpine - Bold.ttf in Resources */,
				EFDBD26E2AB44AF20085E237 /* HugoBoss-Regular.ttf in Resources */,
				EF4BA3FE2AB1A9A8005E7D95 /* Preview Assets.xcassets in Resources */,
				EF4BA3FB2AB1A9A8005E7D95 /* Assets.xcassets in Resources */,
				EFDCF2932AC18A4500D3C209 /* Localizable.strings in Resources */,
				EFDBD26A2AB448A20085E237 /* Haas-superitalic.ttf in Resources */,
				EFDBD26C2AB448A20085E237 /* Williams-Hollow.ttf in Resources */,
			);
			runOnlyForDeploymentPostprocessing = 0;
		};
/* End PBXResourcesBuildPhase section */

/* Begin PBXSourcesBuildPhase section */
		EF4BA3EF2AB1A9A6005E7D95 /* Sources */ = {
			isa = PBXSourcesBuildPhase;
			buildActionMask = 2147483647;
			files = (
				EFDCF2982AC18E2900D3C209 /* LanguageViewModel.swift in Sources */,
				EF4BA4132AB1B0EC005E7D95 /* Ecurie.swift in Sources */,
				EF0DBFB32AB8C11400D65013 /* TeamSprintStandingView.swift in Sources */,
				EF2EEFFB2AD3EBD900C60EBA /* Monoplace.swift in Sources */,
				EFADECEB2AB25C42002D386D /* HomeView.swift in Sources */,
				EFDB177D2ACAA454003722A3 /* F1_RSView.swift in Sources */,
				EFC3785A2AB5A5BA009C983E /* TeamsStandingsView.swift in Sources */,
				EF13EC7D2AB3209F00AD05A3 /* TeamView.swift in Sources */,
				EF390D7C2AC7326200ACA70E /* TextConcatURLView.swift in Sources */,
				EF4BA3F92AB1A9A6005E7D95 /* ContentView.swift in Sources */,
				EF390D782AC7299000ACA70E /* SiteWeb.swift in Sources */,
				EF5E31732ACAF1E80087B0BB /* LogInView.swift in Sources */,
				EFDCF2902AC1852300D3C209 /* NumberRiderView.swift in Sources */,
				EFF76C372AC4708300FAD9B0 /* PartenaireView.swift in Sources */,
				EF4BA4102AB1B0CB005E7D95 /* Pilote.swift in Sources */,
				EFD61F7A2AC6F6DD0011EBC0 /* AllPartenairesView.swift in Sources */,
				EF6102C82ACAB9BA004DCD90 /* Extensions.swift in Sources */,
				EF4BA4172AB1B10F005E7D95 /* Circuit.swift in Sources */,
				EFADECF82AB26860002D386D /* F1ViewModel.swift in Sources */,
				EF5E31712ACAF0720087B0BB /* UserAuthViewModel.swift in Sources */,
				EFADECEF2AB25C88002D386D /* StandingsView.swift in Sources */,
				EF13EC792AB300D500AD05A3 /* GPView.swift in Sources */,
				EF0DBFAC2AB8ABB800D65013 /* VictoriesPilotView.swift in Sources */,
				EF3AB24E2AB5DDE800BDDA9A /* Résultat.swift in Sources */,
				EFEE64842AB84DB200291C54 /* Classements.swift in Sources */,
				EFAEE4372AC34423000BDC00 /* GraphCltPilotView.swift in Sources */,
				EFDCF28E2AC1847800D3C209 /* GrandPrix.swift in Sources */,
				EFE4FDA52AB9B38000EBC43F /* CaractCircuitView.swift in Sources */,
				EFC378582AB5A5A4009C983E /* PilotsStandingsView.swift in Sources */,
				EF4BA4152AB1B0FD005E7D95 /* Pays.swift in Sources */,
				EFF76C342AC46B8900FAD9B0 /* Partenaire.swift in Sources */,
				EF4BA3F72AB1A9A6005E7D95 /* F12025_iOSApp.swift in Sources */,
				EF0DBFB12AB8C10200D65013 /* PilotSprintStandingView.swift in Sources */,
				EF13ECBD2AB3572900AD05A3 /* PilotView.swift in Sources */,
				EF13EC7B2AB300F200AD05A3 /* ItemsView.swift in Sources */,
				EFAC8B042AC2C3F900FAA26E /* MenuView.swift in Sources */,
				EF13ECBA2AB34F2600AD05A3 /* AllGPView.swift in Sources */,
				EF13EC772AB2FAA400AD05A3 /* FlagView.swift in Sources */,
				EFADECED2AB25C6B002D386D /* AllTeamsView.swift in Sources */,
			);
			runOnlyForDeploymentPostprocessing = 0;
		};
/* End PBXSourcesBuildPhase section */

/* Begin PBXVariantGroup section */
		EFDCF2952AC18A4500D3C209 /* Localizable.strings */ = {
			isa = PBXVariantGroup;
			children = (
				EFDCF2942AC18A4500D3C209 /* en */,
				EFDCF2962AC18A8B00D3C209 /* fr */,
			);
			name = Localizable.strings;
			sourceTree = "<group>";
		};
/* End PBXVariantGroup section */

/* Begin XCBuildConfiguration section */
		EF4BA3FF2AB1A9A8005E7D95 /* Debug */ = {
			isa = XCBuildConfiguration;
			buildSettings = {
				ALWAYS_SEARCH_USER_PATHS = NO;
				CLANG_ANALYZER_LOCALIZABILITY_NONLOCALIZED = YES;
				CLANG_ANALYZER_NONNULL = YES;
				CLANG_ANALYZER_NUMBER_OBJECT_CONVERSION = YES_AGGRESSIVE;
				CLANG_CXX_LANGUAGE_STANDARD = "gnu++20";
				CLANG_ENABLE_MODULES = YES;
				CLANG_ENABLE_OBJC_ARC = YES;
				CLANG_ENABLE_OBJC_WEAK = YES;
				CLANG_WARN_BLOCK_CAPTURE_AUTORELEASING = YES;
				CLANG_WARN_BOOL_CONVERSION = YES;
				CLANG_WARN_COMMA = YES;
				CLANG_WARN_CONSTANT_CONVERSION = YES;
				CLANG_WARN_DEPRECATED_OBJC_IMPLEMENTATIONS = YES;
				CLANG_WARN_DIRECT_OBJC_ISA_USAGE = YES_ERROR;
				CLANG_WARN_DOCUMENTATION_COMMENTS = YES;
				CLANG_WARN_EMPTY_BODY = YES;
				CLANG_WARN_ENUM_CONVERSION = YES;
				CLANG_WARN_INFINITE_RECURSION = YES;
				CLANG_WARN_INT_CONVERSION = YES;
				CLANG_WARN_NON_LITERAL_NULL_CONVERSION = YES;
				CLANG_WARN_OBJC_IMPLICIT_RETAIN_SELF = YES;
				CLANG_WARN_OBJC_LITERAL_CONVERSION = YES;
				CLANG_WARN_OBJC_ROOT_CLASS = YES_ERROR;
				CLANG_WARN_QUOTED_INCLUDE_IN_FRAMEWORK_HEADER = YES;
				CLANG_WARN_RANGE_LOOP_ANALYSIS = YES;
				CLANG_WARN_STRICT_PROTOTYPES = YES;
				CLANG_WARN_SUSPICIOUS_MOVE = YES;
				CLANG_WARN_UNGUARDED_AVAILABILITY = YES_AGGRESSIVE;
				CLANG_WARN_UNREACHABLE_CODE = YES;
				CLANG_WARN__DUPLICATE_METHOD_MATCH = YES;
				COPY_PHASE_STRIP = NO;
				DEBUG_INFORMATION_FORMAT = dwarf;
				ENABLE_STRICT_OBJC_MSGSEND = YES;
				ENABLE_TESTABILITY = YES;
				GCC_C_LANGUAGE_STANDARD = gnu11;
				GCC_DYNAMIC_NO_PIC = NO;
				GCC_NO_COMMON_BLOCKS = YES;
				GCC_OPTIMIZATION_LEVEL = 0;
				GCC_PREPROCESSOR_DEFINITIONS = (
					"DEBUG=1",
					"$(inherited)",
				);
				GCC_WARN_64_TO_32_BIT_CONVERSION = YES;
				GCC_WARN_ABOUT_RETURN_TYPE = YES_ERROR;
				GCC_WARN_UNDECLARED_SELECTOR = YES;
				GCC_WARN_UNINITIALIZED_AUTOS = YES_AGGRESSIVE;
				GCC_WARN_UNUSED_FUNCTION = YES;
				GCC_WARN_UNUSED_VARIABLE = YES;
				IPHONEOS_DEPLOYMENT_TARGET = 16.4;
				MTL_ENABLE_DEBUG_INFO = INCLUDE_SOURCE;
				MTL_FAST_MATH = YES;
				ONLY_ACTIVE_ARCH = YES;
				SDKROOT = iphoneos;
				SWIFT_ACTIVE_COMPILATION_CONDITIONS = DEBUG;
				SWIFT_OPTIMIZATION_LEVEL = "-Onone";
			};
			name = Debug;
		};
		EF4BA4002AB1A9A8005E7D95 /* Release */ = {
			isa = XCBuildConfiguration;
			buildSettings = {
				ALWAYS_SEARCH_USER_PATHS = NO;
				CLANG_ANALYZER_LOCALIZABILITY_NONLOCALIZED = YES;
				CLANG_ANALYZER_NONNULL = YES;
				CLANG_ANALYZER_NUMBER_OBJECT_CONVERSION = YES_AGGRESSIVE;
				CLANG_CXX_LANGUAGE_STANDARD = "gnu++20";
				CLANG_ENABLE_MODULES = YES;
				CLANG_ENABLE_OBJC_ARC = YES;
				CLANG_ENABLE_OBJC_WEAK = YES;
				CLANG_WARN_BLOCK_CAPTURE_AUTORELEASING = YES;
				CLANG_WARN_BOOL_CONVERSION = YES;
				CLANG_WARN_COMMA = YES;
				CLANG_WARN_CONSTANT_CONVERSION = YES;
				CLANG_WARN_DEPRECATED_OBJC_IMPLEMENTATIONS = YES;
				CLANG_WARN_DIRECT_OBJC_ISA_USAGE = YES_ERROR;
				CLANG_WARN_DOCUMENTATION_COMMENTS = YES;
				CLANG_WARN_EMPTY_BODY = YES;
				CLANG_WARN_ENUM_CONVERSION = YES;
				CLANG_WARN_INFINITE_RECURSION = YES;
				CLANG_WARN_INT_CONVERSION = YES;
				CLANG_WARN_NON_LITERAL_NULL_CONVERSION = YES;
				CLANG_WARN_OBJC_IMPLICIT_RETAIN_SELF = YES;
				CLANG_WARN_OBJC_LITERAL_CONVERSION = YES;
				CLANG_WARN_OBJC_ROOT_CLASS = YES_ERROR;
				CLANG_WARN_QUOTED_INCLUDE_IN_FRAMEWORK_HEADER = YES;
				CLANG_WARN_RANGE_LOOP_ANALYSIS = YES;
				CLANG_WARN_STRICT_PROTOTYPES = YES;
				CLANG_WARN_SUSPICIOUS_MOVE = YES;
				CLANG_WARN_UNGUARDED_AVAILABILITY = YES_AGGRESSIVE;
				CLANG_WARN_UNREACHABLE_CODE = YES;
				CLANG_WARN__DUPLICATE_METHOD_MATCH = YES;
				COPY_PHASE_STRIP = NO;
				DEBUG_INFORMATION_FORMAT = "dwarf-with-dsym";
				ENABLE_NS_ASSERTIONS = NO;
				ENABLE_STRICT_OBJC_MSGSEND = YES;
				GCC_C_LANGUAGE_STANDARD = gnu11;
				GCC_NO_COMMON_BLOCKS = YES;
				GCC_WARN_64_TO_32_BIT_CONVERSION = YES;
				GCC_WARN_ABOUT_RETURN_TYPE = YES_ERROR;
				GCC_WARN_UNDECLARED_SELECTOR = YES;
				GCC_WARN_UNINITIALIZED_AUTOS = YES_AGGRESSIVE;
				GCC_WARN_UNUSED_FUNCTION = YES;
				GCC_WARN_UNUSED_VARIABLE = YES;
				IPHONEOS_DEPLOYMENT_TARGET = 16.4;
				MTL_ENABLE_DEBUG_INFO = NO;
				MTL_FAST_MATH = YES;
				SDKROOT = iphoneos;
				SWIFT_COMPILATION_MODE = wholemodule;
				SWIFT_OPTIMIZATION_LEVEL = "-O";
				VALIDATE_PRODUCT = YES;
			};
			name = Release;
		};
		EF4BA4022AB1A9A8005E7D95 /* Debug */ = {
			isa = XCBuildConfiguration;
			buildSettings = {
				ASSETCATALOG_COMPILER_APPICON_NAME = AppIcon;
				ASSETCATALOG_COMPILER_GLOBAL_ACCENT_COLOR_NAME = AccentColor;
				CODE_SIGN_STYLE = Automatic;
				CURRENT_PROJECT_VERSION = 1;
				DEVELOPMENT_ASSET_PATHS = "\"F12025-iOS/Preview Content\"";
				ENABLE_PREVIEWS = YES;
				GENERATE_INFOPLIST_FILE = YES;
				INFOPLIST_FILE = "F12025-iOS/Info.plist";
				INFOPLIST_KEY_UIApplicationSceneManifest_Generation = YES;
				INFOPLIST_KEY_UIApplicationSupportsIndirectInputEvents = YES;
				INFOPLIST_KEY_UILaunchScreen_Generation = YES;
				INFOPLIST_KEY_UISupportedInterfaceOrientations_iPad = "UIInterfaceOrientationPortrait UIInterfaceOrientationPortraitUpsideDown UIInterfaceOrientationLandscapeLeft UIInterfaceOrientationLandscapeRight";
				INFOPLIST_KEY_UISupportedInterfaceOrientations_iPhone = "UIInterfaceOrientationPortrait UIInterfaceOrientationLandscapeLeft UIInterfaceOrientationLandscapeRight";
				LD_RUNPATH_SEARCH_PATHS = (
					"$(inherited)",
					"@executable_path/Frameworks",
				);
				MARKETING_VERSION = 1.0;
				PRODUCT_BUNDLE_IDENTIFIER = "FD.F12025-iOS";
				PRODUCT_NAME = "$(TARGET_NAME)";
				SWIFT_EMIT_LOC_STRINGS = YES;
				SWIFT_VERSION = 5.0;
				TARGETED_DEVICE_FAMILY = "1,2";
			};
			name = Debug;
		};
		EF4BA4032AB1A9A8005E7D95 /* Release */ = {
			isa = XCBuildConfiguration;
			buildSettings = {
				ASSETCATALOG_COMPILER_APPICON_NAME = AppIcon;
				ASSETCATALOG_COMPILER_GLOBAL_ACCENT_COLOR_NAME = AccentColor;
				CODE_SIGN_STYLE = Automatic;
				CURRENT_PROJECT_VERSION = 1;
				DEVELOPMENT_ASSET_PATHS = "\"F12025-iOS/Preview Content\"";
				ENABLE_PREVIEWS = YES;
				GENERATE_INFOPLIST_FILE = YES;
				INFOPLIST_FILE = "F12025-iOS/Info.plist";
				INFOPLIST_KEY_UIApplicationSceneManifest_Generation = YES;
				INFOPLIST_KEY_UIApplicationSupportsIndirectInputEvents = YES;
				INFOPLIST_KEY_UILaunchScreen_Generation = YES;
				INFOPLIST_KEY_UISupportedInterfaceOrientations_iPad = "UIInterfaceOrientationPortrait UIInterfaceOrientationPortraitUpsideDown UIInterfaceOrientationLandscapeLeft UIInterfaceOrientationLandscapeRight";
				INFOPLIST_KEY_UISupportedInterfaceOrientations_iPhone = "UIInterfaceOrientationPortrait UIInterfaceOrientationLandscapeLeft UIInterfaceOrientationLandscapeRight";
				LD_RUNPATH_SEARCH_PATHS = (
					"$(inherited)",
					"@executable_path/Frameworks",
				);
				MARKETING_VERSION = 1.0;
				PRODUCT_BUNDLE_IDENTIFIER = "FD.F12025-iOS";
				PRODUCT_NAME = "$(TARGET_NAME)";
				SWIFT_EMIT_LOC_STRINGS = YES;
				SWIFT_VERSION = 5.0;
				TARGETED_DEVICE_FAMILY = "1,2";
			};
			name = Release;
		};
/* End XCBuildConfiguration section */

/* Begin XCConfigurationList section */
		EF4BA3EE2AB1A9A6005E7D95 /* Build configuration list for PBXProject "F12025-iOS" */ = {
			isa = XCConfigurationList;
			buildConfigurations = (
				EF4BA3FF2AB1A9A8005E7D95 /* Debug */,
				EF4BA4002AB1A9A8005E7D95 /* Release */,
			);
			defaultConfigurationIsVisible = 0;
			defaultConfigurationName = Release;
		};
		EF4BA4012AB1A9A8005E7D95 /* Build configuration list for PBXNativeTarget "F1 2025" */ = {
			isa = XCConfigurationList;
			buildConfigurations = (
				EF4BA4022AB1A9A8005E7D95 /* Debug */,
				EF4BA4032AB1A9A8005E7D95 /* Release */,
			);
			defaultConfigurationIsVisible = 0;
			defaultConfigurationName = Release;
		};
/* End XCConfigurationList section */

/* Begin XCRemoteSwiftPackageReference section */
		EF183A6D2AB4C08C00D5FCCD /* XCRemoteSwiftPackageReference "Localize-Swift" */ = {
			isa = XCRemoteSwiftPackageReference;
			repositoryURL = "https://github.com/marmelroy/Localize-Swift.git";
			requirement = {
				kind = upToNextMajorVersion;
				minimumVersion = 3.0.0;
			};
		};
		EFDB177A2ACA9AC4003722A3 /* XCRemoteSwiftPackageReference "GoogleSignIn-iOS" */ = {
			isa = XCRemoteSwiftPackageReference;
			repositoryURL = "https://github.com/google/GoogleSignIn-iOS";
			requirement = {
				kind = upToNextMajorVersion;
				minimumVersion = 7.0.0;
			};
		};
/* End XCRemoteSwiftPackageReference section */

/* Begin XCSwiftPackageProductDependency section */
		EF5E316A2ACAEB670087B0BB /* GoogleSignIn */ = {
			isa = XCSwiftPackageProductDependency;
			package = EFDB177A2ACA9AC4003722A3 /* XCRemoteSwiftPackageReference "GoogleSignIn-iOS" */;
			productName = GoogleSignIn;
		};
		EF5E316C2ACAEB670087B0BB /* GoogleSignInSwift */ = {
			isa = XCSwiftPackageProductDependency;
			package = EFDB177A2ACA9AC4003722A3 /* XCRemoteSwiftPackageReference "GoogleSignIn-iOS" */;
			productName = GoogleSignInSwift;
		};
/* End XCSwiftPackageProductDependency section */
	};
	rootObject = EF4BA3EB2AB1A9A6005E7D95 /* Project object */;
}
